
Microsoft Visual Studio Solution File, Format Version 12.00
# Visual Studio Version 16
VisualStudioVersion = 16.0.30907.101
MinimumVisualStudioVersion = 10.0.40219.1
Project("{FAE04EC0-301F-11D3-BF4B-00C04F79EFBC}") = "renomeador", "renomeador.csproj", "{3F725A2C-7D43-49B8-B5AD-502BE904812E}"
EndProject
Global
	GlobalSection(SolutionConfigurationPlatforms) = preSolution
		Debug|Any CPU = Debug|Any CPU
		Release|Any CPU = Release|Any CPU
	EndGlobalSection
	GlobalSection(ProjectConfigurationPlatforms) = postSolution
		{3F725A2C-7D43-49B8-B5AD-502BE904812E}.Debug|Any CPU.ActiveCfg = Debug|Any CPU
		{3F725A2C-7D43-49B8-B5AD-502BE904812E}.Debug|Any CPU.Build.0 = Debug|Any CPU
		{3F725A2C-7D43-49B8-B5AD-502BE904812E}.Release|Any CPU.ActiveCfg = Release|Any CPU
		{3F725A2C-7D43-49B8-B5AD-502BE904812E}.Release|Any CPU.Build.0 = Release|Any CPU
	EndGlobalSection
	GlobalSection(SolutionProperties) = preSolution
		HideSolutionNode = FALSE
	EndGlobalSection
	GlobalSection(ExtensibilityGlobals) = postSolution
		SolutionGuid = {50126087-1660-4222-960E-8963F903F55E}
	EndGlobalSection
EndGlobal
